
Microsoft Visual Studio Solution File, Format Version 12.00
# Visual Studio 15
VisualStudioVersion = 15.0.28307.106
MinimumVisualStudioVersion = 10.0.40219.1
Project("{9A19103F-16F7-4668-BE54-9A1E7A4F7556}") = "01.Database", "01.Database\01.Database.csproj", "{DABEB222-B0AF-470A-B079-E84B2A7D06ED}"
EndProject
Project("{9A19103F-16F7-4668-BE54-9A1E7A4F7556}") = "UnitTests", "DatabaseTests\UnitTests.csproj", "{A73D7D06-1842-4B64-88BE-B39C3A470635}"
EndProject
Project("{FAE04EC0-301F-11D3-BF4B-00C04F79EFBC}") = "02.ExtendedDatabase", "02.ExtendedDatabase\02.ExtendedDatabase.csproj", "{D8033F97-8378-4D43-9249-D66B8E2AC305}"
EndProject
Global
	GlobalSection(SolutionConfigurationPlatforms) = preSolution
		Debug|Any CPU = Debug|Any CPU
		Release|Any CPU = Release|Any CPU
	EndGlobalSection
	GlobalSection(ProjectConfigurationPlatforms) = postSolution
		{DABEB222-B0AF-470A-B079-E84B2A7D06ED}.Debug|Any CPU.ActiveCfg = Debug|Any CPU
		{DABEB222-B0AF-470A-B079-E84B2A7D06ED}.Debug|Any CPU.Build.0 = Debug|Any CPU
		{DABEB222-B0AF-470A-B079-E84B2A7D06ED}.Release|Any CPU.ActiveCfg = Release|Any CPU
		{DABEB222-B0AF-470A-B079-E84B2A7D06ED}.Release|Any CPU.Build.0 = Release|Any CPU
		{A73D7D06-1842-4B64-88BE-B39C3A470635}.Debug|Any CPU.ActiveCfg = Debug|Any CPU
		{A73D7D06-1842-4B64-88BE-B39C3A470635}.Debug|Any CPU.Build.0 = Debug|Any CPU
		{A73D7D06-1842-4B64-88BE-B39C3A470635}.Release|Any CPU.ActiveCfg = Release|Any CPU
		{A73D7D06-1842-4B64-88BE-B39C3A470635}.Release|Any CPU.Build.0 = Release|Any CPU
		{D8033F97-8378-4D43-9249-D66B8E2AC305}.Debug|Any CPU.ActiveCfg = Debug|Any CPU
		{D8033F97-8378-4D43-9249-D66B8E2AC305}.Debug|Any CPU.Build.0 = Debug|Any CPU
		{D8033F97-8378-4D43-9249-D66B8E2AC305}.Release|Any CPU.ActiveCfg = Release|Any CPU
		{D8033F97-8378-4D43-9249-D66B8E2AC305}.Release|Any CPU.Build.0 = Release|Any CPU
	EndGlobalSection
	GlobalSection(SolutionProperties) = preSolution
		HideSolutionNode = FALSE
	EndGlobalSection
	GlobalSection(ExtensibilityGlobals) = postSolution
		SolutionGuid = {005BA310-F5C5-4622-A2C1-DD837C293EF8}
	EndGlobalSection
EndGlobal
