
Microsoft Visual Studio Solution File, Format Version 12.00
# Visual Studio 15
VisualStudioVersion = 15.0.28307.106
MinimumVisualStudioVersion = 10.0.40219.1
Project("{FAE04EC0-301F-11D3-BF4B-00C04F79EFBC}") = "01.ListyIterator", "01.ListyIterator\01.ListyIterator.csproj", "{39C2A5BF-BCA1-4C2E-9F36-58916967E96C}"
EndProject
Project("{FAE04EC0-301F-11D3-BF4B-00C04F79EFBC}") = "02.Collection", "02.Collection\02.Collection.csproj", "{017EBD6E-B6D5-457B-97A0-487C8BE7DF70}"
EndProject
Project("{FAE04EC0-301F-11D3-BF4B-00C04F79EFBC}") = "03.Stack", "03.Stack\03.Stack.csproj", "{A6DA4237-5C34-4D6F-83E7-7ACCA40EDB45}"
EndProject
Global
	GlobalSection(SolutionConfigurationPlatforms) = preSolution
		Debug|Any CPU = Debug|Any CPU
		Release|Any CPU = Release|Any CPU
	EndGlobalSection
	GlobalSection(ProjectConfigurationPlatforms) = postSolution
		{39C2A5BF-BCA1-4C2E-9F36-58916967E96C}.Debug|Any CPU.ActiveCfg = Debug|Any CPU
		{39C2A5BF-BCA1-4C2E-9F36-58916967E96C}.Debug|Any CPU.Build.0 = Debug|Any CPU
		{39C2A5BF-BCA1-4C2E-9F36-58916967E96C}.Release|Any CPU.ActiveCfg = Release|Any CPU
		{39C2A5BF-BCA1-4C2E-9F36-58916967E96C}.Release|Any CPU.Build.0 = Release|Any CPU
		{017EBD6E-B6D5-457B-97A0-487C8BE7DF70}.Debug|Any CPU.ActiveCfg = Debug|Any CPU
		{017EBD6E-B6D5-457B-97A0-487C8BE7DF70}.Debug|Any CPU.Build.0 = Debug|Any CPU
		{017EBD6E-B6D5-457B-97A0-487C8BE7DF70}.Release|Any CPU.ActiveCfg = Release|Any CPU
		{017EBD6E-B6D5-457B-97A0-487C8BE7DF70}.Release|Any CPU.Build.0 = Release|Any CPU
		{A6DA4237-5C34-4D6F-83E7-7ACCA40EDB45}.Debug|Any CPU.ActiveCfg = Debug|Any CPU
		{A6DA4237-5C34-4D6F-83E7-7ACCA40EDB45}.Debug|Any CPU.Build.0 = Debug|Any CPU
		{A6DA4237-5C34-4D6F-83E7-7ACCA40EDB45}.Release|Any CPU.ActiveCfg = Release|Any CPU
		{A6DA4237-5C34-4D6F-83E7-7ACCA40EDB45}.Release|Any CPU.Build.0 = Release|Any CPU
	EndGlobalSection
	GlobalSection(SolutionProperties) = preSolution
		HideSolutionNode = FALSE
	EndGlobalSection
	GlobalSection(ExtensibilityGlobals) = postSolution
		SolutionGuid = {81CB7EBB-B124-4E27-8086-1867A9949155}
	EndGlobalSection
EndGlobal
