
Microsoft Visual Studio Solution File, Format Version 12.00
# Visual Studio 15
VisualStudioVersion = 15.0.27428.2005
MinimumVisualStudioVersion = 10.0.40219.1
Project("{9A19103F-16F7-4668-BE54-9A1E7A4F7556}") = "01.BoxOfT", "01.BoxOfT\01.BoxOfT.csproj", "{E5D26AC8-1F77-493B-9B41-1465CC5EC75E}"
EndProject
Project("{9A19103F-16F7-4668-BE54-9A1E7A4F7556}") = "02.GenericArrayCreator", "02.GenericArrayCreator\02.GenericArrayCreator.csproj", "{04B548D8-D6DA-45FD-AACD-9DBC200F677A}"
EndProject
Project("{9A19103F-16F7-4668-BE54-9A1E7A4F7556}") = "03.GenericScale", "03.GenericScale\03.GenericScale.csproj", "{100E362E-AEAB-4A28-8401-EAAAD83E6AFB}"
EndProject
Project("{FAE04EC0-301F-11D3-BF4B-00C04F79EFBC}") = "04.GenericSwapMethodInteger", "04.GenericSwapMethodInteger\04.GenericSwapMethodInteger.csproj", "{0BF9DC99-1392-4804-AA71-DAD008E62D73}"
EndProject
Global
	GlobalSection(SolutionConfigurationPlatforms) = preSolution
		Debug|Any CPU = Debug|Any CPU
		Release|Any CPU = Release|Any CPU
	EndGlobalSection
	GlobalSection(ProjectConfigurationPlatforms) = postSolution
		{E5D26AC8-1F77-493B-9B41-1465CC5EC75E}.Debug|Any CPU.ActiveCfg = Debug|Any CPU
		{E5D26AC8-1F77-493B-9B41-1465CC5EC75E}.Debug|Any CPU.Build.0 = Debug|Any CPU
		{E5D26AC8-1F77-493B-9B41-1465CC5EC75E}.Release|Any CPU.ActiveCfg = Release|Any CPU
		{E5D26AC8-1F77-493B-9B41-1465CC5EC75E}.Release|Any CPU.Build.0 = Release|Any CPU
		{04B548D8-D6DA-45FD-AACD-9DBC200F677A}.Debug|Any CPU.ActiveCfg = Debug|Any CPU
		{04B548D8-D6DA-45FD-AACD-9DBC200F677A}.Debug|Any CPU.Build.0 = Debug|Any CPU
		{04B548D8-D6DA-45FD-AACD-9DBC200F677A}.Release|Any CPU.ActiveCfg = Release|Any CPU
		{04B548D8-D6DA-45FD-AACD-9DBC200F677A}.Release|Any CPU.Build.0 = Release|Any CPU
		{100E362E-AEAB-4A28-8401-EAAAD83E6AFB}.Debug|Any CPU.ActiveCfg = Debug|Any CPU
		{100E362E-AEAB-4A28-8401-EAAAD83E6AFB}.Debug|Any CPU.Build.0 = Debug|Any CPU
		{100E362E-AEAB-4A28-8401-EAAAD83E6AFB}.Release|Any CPU.ActiveCfg = Release|Any CPU
		{100E362E-AEAB-4A28-8401-EAAAD83E6AFB}.Release|Any CPU.Build.0 = Release|Any CPU
		{0BF9DC99-1392-4804-AA71-DAD008E62D73}.Debug|Any CPU.ActiveCfg = Debug|Any CPU
		{0BF9DC99-1392-4804-AA71-DAD008E62D73}.Debug|Any CPU.Build.0 = Debug|Any CPU
		{0BF9DC99-1392-4804-AA71-DAD008E62D73}.Release|Any CPU.ActiveCfg = Release|Any CPU
		{0BF9DC99-1392-4804-AA71-DAD008E62D73}.Release|Any CPU.Build.0 = Release|Any CPU
	EndGlobalSection
	GlobalSection(SolutionProperties) = preSolution
		HideSolutionNode = FALSE
	EndGlobalSection
	GlobalSection(ExtensibilityGlobals) = postSolution
		SolutionGuid = {A70EB28B-7297-4213-A144-2E2ABACD0E62}
	EndGlobalSection
EndGlobal
