
Microsoft Visual Studio Solution File, Format Version 12.00
# Visual Studio 15
VisualStudioVersion = 15.0.28307.106
MinimumVisualStudioVersion = 10.0.40219.1
Project("{9A19103F-16F7-4668-BE54-9A1E7A4F7556}") = "P03_BarraksWars", "P03_BarraksWars.csproj", "{AC03B9BB-F9B9-4D58-8951-B86B127280EC}"
EndProject
Global
	GlobalSection(SolutionConfigurationPlatforms) = preSolution
		Debug|Any CPU = Debug|Any CPU
		Release|Any CPU = Release|Any CPU
	EndGlobalSection
	GlobalSection(ProjectConfigurationPlatforms) = postSolution
		{AC03B9BB-F9B9-4D58-8951-B86B127280EC}.Debug|Any CPU.ActiveCfg = Debug|Any CPU
		{AC03B9BB-F9B9-4D58-8951-B86B127280EC}.Debug|Any CPU.Build.0 = Debug|Any CPU
		{AC03B9BB-F9B9-4D58-8951-B86B127280EC}.Release|Any CPU.ActiveCfg = Release|Any CPU
		{AC03B9BB-F9B9-4D58-8951-B86B127280EC}.Release|Any CPU.Build.0 = Release|Any CPU
	EndGlobalSection
	GlobalSection(SolutionProperties) = preSolution
		HideSolutionNode = FALSE
	EndGlobalSection
	GlobalSection(ExtensibilityGlobals) = postSolution
		SolutionGuid = {93DD6397-A64B-4DAC-8A44-76CE8DA603FA}
	EndGlobalSection
EndGlobal
