
Microsoft Visual Studio Solution File, Format Version 12.00
# Visual Studio 15
VisualStudioVersion = 15.0.28307.106
MinimumVisualStudioVersion = 10.0.40219.1
Project("{9A19103F-16F7-4668-BE54-9A1E7A4F7556}") = "P03_BarraksWars", "P03_BarraksWars.csproj", "{F8CF3235-3376-449D-87E7-C051142D6AC2}"
EndProject
Global
	GlobalSection(SolutionConfigurationPlatforms) = preSolution
		Debug|Any CPU = Debug|Any CPU
		Release|Any CPU = Release|Any CPU
	EndGlobalSection
	GlobalSection(ProjectConfigurationPlatforms) = postSolution
		{F8CF3235-3376-449D-87E7-C051142D6AC2}.Debug|Any CPU.ActiveCfg = Debug|Any CPU
		{F8CF3235-3376-449D-87E7-C051142D6AC2}.Debug|Any CPU.Build.0 = Debug|Any CPU
		{F8CF3235-3376-449D-87E7-C051142D6AC2}.Release|Any CPU.ActiveCfg = Release|Any CPU
		{F8CF3235-3376-449D-87E7-C051142D6AC2}.Release|Any CPU.Build.0 = Release|Any CPU
	EndGlobalSection
	GlobalSection(SolutionProperties) = preSolution
		HideSolutionNode = FALSE
	EndGlobalSection
	GlobalSection(ExtensibilityGlobals) = postSolution
		SolutionGuid = {0EB5B0B9-1680-4523-843E-E82A0634257C}
	EndGlobalSection
EndGlobal
